// !$*UTF8*$!
{
	archiveVersion = 1;
	classes = {
	};
	objectVersion = 56;
	objects = {

/* Begin PBXBuildFile section */
		270544AE2B0E011500466ABE /* Coordinator.swift in Sources */ = {isa = PBXBuildFile; fileRef = 270544AD2B0E011500466ABE /* Coordinator.swift */; };
		27A606932B04ECC0004E8295 /* AppDelegate.swift in Sources */ = {isa = PBXBuildFile; fileRef = 27A606922B04ECC0004E8295 /* AppDelegate.swift */; };
		27A606952B04ECC0004E8295 /* ContentView.swift in Sources */ = {isa = PBXBuildFile; fileRef = 27A606942B04ECC0004E8295 /* ContentView.swift */; };
		27A606972B04ECC1004E8295 /* Assets.xcassets in Resources */ = {isa = PBXBuildFile; fileRef = 27A606962B04ECC1004E8295 /* Assets.xcassets */; };
		27A6069A2B04ECC1004E8295 /* Preview Assets.xcassets in Resources */ = {isa = PBXBuildFile; fileRef = 27A606992B04ECC1004E8295 /* Preview Assets.xcassets */; };
		27A606A42B04ECC1004E8295 /* MeasureTests.swift in Sources */ = {isa = PBXBuildFile; fileRef = 27A606A32B04ECC1004E8295 /* MeasureTests.swift */; };
		27A606AE2B04ECC1004E8295 /* MeasureUITests.swift in Sources */ = {isa = PBXBuildFile; fileRef = 27A606AD2B04ECC1004E8295 /* MeasureUITests.swift */; };
		27A606B02B04ECC1004E8295 /* MeasureUITestsLaunchTests.swift in Sources */ = {isa = PBXBuildFile; fileRef = 27A606AF2B04ECC1004E8295 /* MeasureUITestsLaunchTests.swift */; };
		27A606BF2B04ED69004E8295 /* LevelView.swift in Sources */ = {isa = PBXBuildFile; fileRef = 27A606BE2B04ED69004E8295 /* LevelView.swift */; };
		27A606C12B04EFAC004E8295 /* TabController.swift in Sources */ = {isa = PBXBuildFile; fileRef = 27A606C02B04EFAC004E8295 /* TabController.swift */; };
/* End PBXBuildFile section */

/* Begin PBXContainerItemProxy section */
		27A606A02B04ECC1004E8295 /* PBXContainerItemProxy */ = {
			isa = PBXContainerItemProxy;
			containerPortal = 27A606872B04ECC0004E8295 /* Project object */;
			proxyType = 1;
			remoteGlobalIDString = 27A6068E2B04ECC0004E8295;
			remoteInfo = Measure;
		};
		27A606AA2B04ECC1004E8295 /* PBXContainerItemProxy */ = {
			isa = PBXContainerItemProxy;
			containerPortal = 27A606872B04ECC0004E8295 /* Project object */;
			proxyType = 1;
			remoteGlobalIDString = 27A6068E2B04ECC0004E8295;
			remoteInfo = Measure;
		};
/* End PBXContainerItemProxy section */

/* Begin PBXFileReference section */
		270544AD2B0E011500466ABE /* Coordinator.swift */ = {isa = PBXFileReference; lastKnownFileType = sourcecode.swift; path = Coordinator.swift; sourceTree = "<group>"; };
		27A6068F2B04ECC0004E8295 /* Measure.app */ = {isa = PBXFileReference; explicitFileType = wrapper.application; includeInIndex = 0; path = Measure.app; sourceTree = BUILT_PRODUCTS_DIR; };
		27A606922B04ECC0004E8295 /* AppDelegate.swift */ = {isa = PBXFileReference; lastKnownFileType = sourcecode.swift; path = AppDelegate.swift; sourceTree = "<group>"; };
		27A606942B04ECC0004E8295 /* ContentView.swift */ = {isa = PBXFileReference; lastKnownFileType = sourcecode.swift; path = ContentView.swift; sourceTree = "<group>"; };
		27A606962B04ECC1004E8295 /* Assets.xcassets */ = {isa = PBXFileReference; lastKnownFileType = folder.assetcatalog; path = Assets.xcassets; sourceTree = "<group>"; };
		27A606992B04ECC1004E8295 /* Preview Assets.xcassets */ = {isa = PBXFileReference; lastKnownFileType = folder.assetcatalog; path = "Preview Assets.xcassets"; sourceTree = "<group>"; };
		27A6069F2B04ECC1004E8295 /* MeasureTests.xctest */ = {isa = PBXFileReference; explicitFileType = wrapper.cfbundle; includeInIndex = 0; path = MeasureTests.xctest; sourceTree = BUILT_PRODUCTS_DIR; };
		27A606A32B04ECC1004E8295 /* MeasureTests.swift */ = {isa = PBXFileReference; lastKnownFileType = sourcecode.swift; path = MeasureTests.swift; sourceTree = "<group>"; };
		27A606A92B04ECC1004E8295 /* MeasureUITests.xctest */ = {isa = PBXFileReference; explicitFileType = wrapper.cfbundle; includeInIndex = 0; path = MeasureUITests.xctest; sourceTree = BUILT_PRODUCTS_DIR; };
		27A606AD2B04ECC1004E8295 /* MeasureUITests.swift */ = {isa = PBXFileReference; lastKnownFileType = sourcecode.swift; path = MeasureUITests.swift; sourceTree = "<group>"; };
		27A606AF2B04ECC1004E8295 /* MeasureUITestsLaunchTests.swift */ = {isa = PBXFileReference; lastKnownFileType = sourcecode.swift; path = MeasureUITestsLaunchTests.swift; sourceTree = "<group>"; };
		27A606BE2B04ED69004E8295 /* LevelView.swift */ = {isa = PBXFileReference; lastKnownFileType = sourcecode.swift; path = LevelView.swift; sourceTree = "<group>"; };
		27A606C02B04EFAC004E8295 /* TabController.swift */ = {isa = PBXFileReference; lastKnownFileType = sourcecode.swift; path = TabController.swift; sourceTree = "<group>"; };
/* End PBXFileReference section */

/* Begin PBXFrameworksBuildPhase section */
		27A6068C2B04ECC0004E8295 /* Frameworks */ = {
			isa = PBXFrameworksBuildPhase;
			buildActionMask = 2147483647;
			files = (
			);
			runOnlyForDeploymentPostprocessing = 0;
		};
		27A6069C2B04ECC1004E8295 /* Frameworks */ = {
			isa = PBXFrameworksBuildPhase;
			buildActionMask = 2147483647;
			files = (
			);
			runOnlyForDeploymentPostprocessing = 0;
		};
		27A606A62B04ECC1004E8295 /* Frameworks */ = {
			isa = PBXFrameworksBuildPhase;
			buildActionMask = 2147483647;
			files = (
			);
			runOnlyForDeploymentPostprocessing = 0;
		};
/* End PBXFrameworksBuildPhase section */

/* Begin PBXGroup section */
		27A606862B04ECC0004E8295 = {
			isa = PBXGroup;
			children = (
				27A606912B04ECC0004E8295 /* Measure */,
				27A606A22B04ECC1004E8295 /* MeasureTests */,
				27A606AC2B04ECC1004E8295 /* MeasureUITests */,
				27A606902B04ECC0004E8295 /* Products */,
			);
			sourceTree = "<group>";
		};
		27A606902B04ECC0004E8295 /* Products */ = {
			isa = PBXGroup;
			children = (
				27A6068F2B04ECC0004E8295 /* Measure.app */,
				27A6069F2B04ECC1004E8295 /* MeasureTests.xctest */,
				27A606A92B04ECC1004E8295 /* MeasureUITests.xctest */,
			);
			name = Products;
			sourceTree = "<group>";
		};
		27A606912B04ECC0004E8295 /* Measure */ = {
			isa = PBXGroup;
			children = (
				27A606922B04ECC0004E8295 /* AppDelegate.swift */,
				27A606942B04ECC0004E8295 /* ContentView.swift */,
				270544AD2B0E011500466ABE /* Coordinator.swift */,
				27A606C02B04EFAC004E8295 /* TabController.swift */,
				27A606BE2B04ED69004E8295 /* LevelView.swift */,
				27A606962B04ECC1004E8295 /* Assets.xcassets */,
				27A606982B04ECC1004E8295 /* Preview Content */,
			);
			path = Measure;
			sourceTree = "<group>";
		};
		27A606982B04ECC1004E8295 /* Preview Content */ = {
			isa = PBXGroup;
			children = (
				27A606992B04ECC1004E8295 /* Preview Assets.xcassets */,
			);
			path = "Preview Content";
			sourceTree = "<group>";
		};
		27A606A22B04ECC1004E8295 /* MeasureTests */ = {
			isa = PBXGroup;
			children = (
				27A606A32B04ECC1004E8295 /* MeasureTests.swift */,
			);
			path = MeasureTests;
			sourceTree = "<group>";
		};
		27A606AC2B04ECC1004E8295 /* MeasureUITests */ = {
			isa = PBXGroup;
			children = (
				27A606AD2B04ECC1004E8295 /* MeasureUITests.swift */,
				27A606AF2B04ECC1004E8295 /* MeasureUITestsLaunchTests.swift */,
			);
			path = MeasureUITests;
			sourceTree = "<group>";
		};
/* End PBXGroup section */

/* Begin PBXNativeTarget section */
		27A6068E2B04ECC0004E8295 /* Measure */ = {
			isa = PBXNativeTarget;
			buildConfigurationList = 27A606B32B04ECC1004E8295 /* Build configuration list for PBXNativeTarget "Measure" */;
			buildPhases = (
				27A6068B2B04ECC0004E8295 /* Sources */,
				27A6068C2B04ECC0004E8295 /* Frameworks */,
				27A6068D2B04ECC0004E8295 /* Resources */,
			);
			buildRules = (
			);
			dependencies = (
			);
			name = Measure;
			productName = Measure;
			productReference = 27A6068F2B04ECC0004E8295 /* Measure.app */;
			productType = "com.apple.product-type.application";
		};
		27A6069E2B04ECC1004E8295 /* MeasureTests */ = {
			isa = PBXNativeTarget;
			buildConfigurationList = 27A606B62B04ECC1004E8295 /* Build configuration list for PBXNativeTarget "MeasureTests" */;
			buildPhases = (
				27A6069B2B04ECC1004E8295 /* Sources */,
				27A6069C2B04ECC1004E8295 /* Frameworks */,
				27A6069D2B04ECC1004E8295 /* Resources */,
			);
			buildRules = (
			);
			dependencies = (
				27A606A12B04ECC1004E8295 /* PBXTargetDependency */,
			);
			name = MeasureTests;
			productName = MeasureTests;
			productReference = 27A6069F2B04ECC1004E8295 /* MeasureTests.xctest */;
			productType = "com.apple.product-type.bundle.unit-test";
		};
		27A606A82B04ECC1004E8295 /* MeasureUITests */ = {
			isa = PBXNativeTarget;
			buildConfigurationList = 27A606B92B04ECC1004E8295 /* Build configuration list for PBXNativeTarget "MeasureUITests" */;
			buildPhases = (
				27A606A52B04ECC1004E8295 /* Sources */,
				27A606A62B04ECC1004E8295 /* Frameworks */,
				27A606A72B04ECC1004E8295 /* Resources */,
			);
			buildRules = (
			);
			dependencies = (
				27A606AB2B04ECC1004E8295 /* PBXTargetDependency */,
			);
			name = MeasureUITests;
			productName = MeasureUITests;
			productReference = 27A606A92B04ECC1004E8295 /* MeasureUITests.xctest */;
			productType = "com.apple.product-type.bundle.ui-testing";
		};
/* End PBXNativeTarget section */

/* Begin PBXProject section */
		27A606872B04ECC0004E8295 /* Project object */ = {
			isa = PBXProject;
			attributes = {
				BuildIndependentTargetsInParallel = 1;
				LastSwiftUpdateCheck = 1500;
				LastUpgradeCheck = 1500;
				TargetAttributes = {
					27A6068E2B04ECC0004E8295 = {
						CreatedOnToolsVersion = 15.0.1;
					};
					27A6069E2B04ECC1004E8295 = {
						CreatedOnToolsVersion = 15.0.1;
						TestTargetID = 27A6068E2B04ECC0004E8295;
					};
					27A606A82B04ECC1004E8295 = {
						CreatedOnToolsVersion = 15.0.1;
						TestTargetID = 27A6068E2B04ECC0004E8295;
					};
				};
			};
			buildConfigurationList = 27A6068A2B04ECC0004E8295 /* Build configuration list for PBXProject "Measure" */;
			compatibilityVersion = "Xcode 14.0";
			developmentRegion = en;
			hasScannedForEncodings = 0;
			knownRegions = (
				en,
				Base,
			);
			mainGroup = 27A606862B04ECC0004E8295;
			productRefGroup = 27A606902B04ECC0004E8295 /* Products */;
			projectDirPath = "";
			projectRoot = "";
			targets = (
				27A6068E2B04ECC0004E8295 /* Measure */,
				27A6069E2B04ECC1004E8295 /* MeasureTests */,
				27A606A82B04ECC1004E8295 /* MeasureUITests */,
			);
		};
/* End PBXProject section */

/* Begin PBXResourcesBuildPhase section */
		27A6068D2B04ECC0004E8295 /* Resources */ = {
			isa = PBXResourcesBuildPhase;
			buildActionMask = 2147483647;
			files = (
				27A6069A2B04ECC1004E8295 /* Preview Assets.xcassets in Resources */,
				27A606972B04ECC1004E8295 /* Assets.xcassets in Resources */,
			);
			runOnlyForDeploymentPostprocessing = 0;
		};
		27A6069D2B04ECC1004E8295 /* Resources */ = {
			isa = PBXResourcesBuildPhase;
			buildActionMask = 2147483647;
			files = (
			);
			runOnlyForDeploymentPostprocessing = 0;
		};
		27A606A72B04ECC1004E8295 /* Resources */ = {
			isa = PBXResourcesBuildPhase;
			buildActionMask = 2147483647;
			files = (
			);
			runOnlyForDeploymentPostprocessing = 0;
		};
/* End PBXResourcesBuildPhase section */

/* Begin PBXSourcesBuildPhase section */
		27A6068B2B04ECC0004E8295 /* Sources */ = {
			isa = PBXSourcesBuildPhase;
			buildActionMask = 2147483647;
			files = (
				27A606952B04ECC0004E8295 /* ContentView.swift in Sources */,
				27A606C12B04EFAC004E8295 /* TabController.swift in Sources */,
				270544AE2B0E011500466ABE /* Coordinator.swift in Sources */,
				27A606BF2B04ED69004E8295 /* LevelView.swift in Sources */,
				27A606932B04ECC0004E8295 /* AppDelegate.swift in Sources */,
			);
			runOnlyForDeploymentPostprocessing = 0;
		};
		27A6069B2B04ECC1004E8295 /* Sources */ = {
			isa = PBXSourcesBuildPhase;
			buildActionMask = 2147483647;
			files = (
				27A606A42B04ECC1004E8295 /* MeasureTests.swift in Sources */,
			);
			runOnlyForDeploymentPostprocessing = 0;
		};
		27A606A52B04ECC1004E8295 /* Sources */ = {
			isa = PBXSourcesBuildPhase;
			buildActionMask = 2147483647;
			files = (
				27A606AE2B04ECC1004E8295 /* MeasureUITests.swift in Sources */,
				27A606B02B04ECC1004E8295 /* MeasureUITestsLaunchTests.swift in Sources */,
			);
			runOnlyForDeploymentPostprocessing = 0;
		};
/* End PBXSourcesBuildPhase section */

/* Begin PBXTargetDependency section */
		27A606A12B04ECC1004E8295 /* PBXTargetDependency */ = {
			isa = PBXTargetDependency;
			target = 27A6068E2B04ECC0004E8295 /* Measure */;
			targetProxy = 27A606A02B04ECC1004E8295 /* PBXContainerItemProxy */;
		};
		27A606AB2B04ECC1004E8295 /* PBXTargetDependency */ = {
			isa = PBXTargetDependency;
			target = 27A6068E2B04ECC0004E8295 /* Measure */;
			targetProxy = 27A606AA2B04ECC1004E8295 /* PBXContainerItemProxy */;
		};
/* End PBXTargetDependency section */

/* Begin XCBuildConfiguration section */
		27A606B12B04ECC1004E8295 /* Debug */ = {
			isa = XCBuildConfiguration;
			buildSettings = {
				ALWAYS_SEARCH_USER_PATHS = NO;
				ASSETCATALOG_COMPILER_GENERATE_SWIFT_ASSET_SYMBOL_EXTENSIONS = YES;
				CLANG_ANALYZER_NONNULL = YES;
				CLANG_ANALYZER_NUMBER_OBJECT_CONVERSION = YES_AGGRESSIVE;
				CLANG_CXX_LANGUAGE_STANDARD = "gnu++20";
				CLANG_ENABLE_MODULES = YES;
				CLANG_ENABLE_OBJC_ARC = YES;
				CLANG_ENABLE_OBJC_WEAK = YES;
				CLANG_WARN_BLOCK_CAPTURE_AUTORELEASING = YES;
				CLANG_WARN_BOOL_CONVERSION = YES;
				CLANG_WARN_COMMA = YES;
				CLANG_WARN_CONSTANT_CONVERSION = YES;
				CLANG_WARN_DEPRECATED_OBJC_IMPLEMENTATIONS = YES;
				CLANG_WARN_DIRECT_OBJC_ISA_USAGE = YES_ERROR;
				CLANG_WARN_DOCUMENTATION_COMMENTS = YES;
				CLANG_WARN_EMPTY_BODY = YES;
				CLANG_WARN_ENUM_CONVERSION = YES;
				CLANG_WARN_INFINITE_RECURSION = YES;
				CLANG_WARN_INT_CONVERSION = YES;
				CLANG_WARN_NON_LITERAL_NULL_CONVERSION = YES;
				CLANG_WARN_OBJC_IMPLICIT_RETAIN_SELF = YES;
				CLANG_WARN_OBJC_LITERAL_CONVERSION = YES;
				CLANG_WARN_OBJC_ROOT_CLASS = YES_ERROR;
				CLANG_WARN_QUOTED_INCLUDE_IN_FRAMEWORK_HEADER = YES;
				CLANG_WARN_RANGE_LOOP_ANALYSIS = YES;
				CLANG_WARN_STRICT_PROTOTYPES = YES;
				CLANG_WARN_SUSPICIOUS_MOVE = YES;
				CLANG_WARN_UNGUARDED_AVAILABILITY = YES_AGGRESSIVE;
				CLANG_WARN_UNREACHABLE_CODE = YES;
				CLANG_WARN__DUPLICATE_METHOD_MATCH = YES;
				COPY_PHASE_STRIP = NO;
				DEBUG_INFORMATION_FORMAT = dwarf;
				ENABLE_STRICT_OBJC_MSGSEND = YES;
				ENABLE_TESTABILITY = YES;
				ENABLE_USER_SCRIPT_SANDBOXING = YES;
				GCC_C_LANGUAGE_STANDARD = gnu17;
				GCC_DYNAMIC_NO_PIC = NO;
				GCC_NO_COMMON_BLOCKS = YES;
				GCC_OPTIMIZATION_LEVEL = 0;
				GCC_PREPROCESSOR_DEFINITIONS = (
					"DEBUG=1",
					"$(inherited)",
				);
				GCC_WARN_64_TO_32_BIT_CONVERSION = YES;
				GCC_WARN_ABOUT_RETURN_TYPE = YES_ERROR;
				GCC_WARN_UNDECLARED_SELECTOR = YES;
				GCC_WARN_UNINITIALIZED_AUTOS = YES_AGGRESSIVE;
				GCC_WARN_UNUSED_FUNCTION = YES;
				GCC_WARN_UNUSED_VARIABLE = YES;
				IPHONEOS_DEPLOYMENT_TARGET = 17.0;
				LOCALIZATION_PREFERS_STRING_CATALOGS = YES;
				MTL_ENABLE_DEBUG_INFO = INCLUDE_SOURCE;
				MTL_FAST_MATH = YES;
				ONLY_ACTIVE_ARCH = YES;
				SDKROOT = iphoneos;
				SWIFT_ACTIVE_COMPILATION_CONDITIONS = "DEBUG $(inherited)";
				SWIFT_OPTIMIZATION_LEVEL = "-Onone";
			};
			name = Debug;
		};
		27A606B22B04ECC1004E8295 /* Release */ = {
			isa = XCBuildConfiguration;
			buildSettings = {
				ALWAYS_SEARCH_USER_PATHS = NO;
				ASSETCATALOG_COMPILER_GENERATE_SWIFT_ASSET_SYMBOL_EXTENSIONS = YES;
				CLANG_ANALYZER_NONNULL = YES;
				CLANG_ANALYZER_NUMBER_OBJECT_CONVERSION = YES_AGGRESSIVE;
				CLANG_CXX_LANGUAGE_STANDARD = "gnu++20";
				CLANG_ENABLE_MODULES = YES;
				CLANG_ENABLE_OBJC_ARC = YES;
				CLANG_ENABLE_OBJC_WEAK = YES;
				CLANG_WARN_BLOCK_CAPTURE_AUTORELEASING = YES;
				CLANG_WARN_BOOL_CONVERSION = YES;
				CLANG_WARN_COMMA = YES;
				CLANG_WARN_CONSTANT_CONVERSION = YES;
				CLANG_WARN_DEPRECATED_OBJC_IMPLEMENTATIONS = YES;
				CLANG_WARN_DIRECT_OBJC_ISA_USAGE = YES_ERROR;
				CLANG_WARN_DOCUMENTATION_COMMENTS = YES;
				CLANG_WARN_EMPTY_BODY = YES;
				CLANG_WARN_ENUM_CONVERSION = YES;
				CLANG_WARN_INFINITE_RECURSION = YES;
				CLANG_WARN_INT_CONVERSION = YES;
				CLANG_WARN_NON_LITERAL_NULL_CONVERSION = YES;
				CLANG_WARN_OBJC_IMPLICIT_RETAIN_SELF = YES;
				CLANG_WARN_OBJC_LITERAL_CONVERSION = YES;
				CLANG_WARN_OBJC_ROOT_CLASS = YES_ERROR;
				CLANG_WARN_QUOTED_INCLUDE_IN_FRAMEWORK_HEADER = YES;
				CLANG_WARN_RANGE_LOOP_ANALYSIS = YES;
				CLANG_WARN_STRICT_PROTOTYPES = YES;
				CLANG_WARN_SUSPICIOUS_MOVE = YES;
				CLANG_WARN_UNGUARDED_AVAILABILITY = YES_AGGRESSIVE;
				CLANG_WARN_UNREACHABLE_CODE = YES;
				CLANG_WARN__DUPLICATE_METHOD_MATCH = YES;
				COPY_PHASE_STRIP = NO;
				DEBUG_INFORMATION_FORMAT = "dwarf-with-dsym";
				ENABLE_NS_ASSERTIONS = NO;
				ENABLE_STRICT_OBJC_MSGSEND = YES;
				ENABLE_USER_SCRIPT_SANDBOXING = YES;
				GCC_C_LANGUAGE_STANDARD = gnu17;
				GCC_NO_COMMON_BLOCKS = YES;
				GCC_WARN_64_TO_32_BIT_CONVERSION = YES;
				GCC_WARN_ABOUT_RETURN_TYPE = YES_ERROR;
				GCC_WARN_UNDECLARED_SELECTOR = YES;
				GCC_WARN_UNINITIALIZED_AUTOS = YES_AGGRESSIVE;
				GCC_WARN_UNUSED_FUNCTION = YES;
				GCC_WARN_UNUSED_VARIABLE = YES;
				IPHONEOS_DEPLOYMENT_TARGET = 17.0;
				LOCALIZATION_PREFERS_STRING_CATALOGS = YES;
				MTL_ENABLE_DEBUG_INFO = NO;
				MTL_FAST_MATH = YES;
				SDKROOT = iphoneos;
				SWIFT_COMPILATION_MODE = wholemodule;
				VALIDATE_PRODUCT = YES;
			};
			name = Release;
		};
		27A606B42B04ECC1004E8295 /* Debug */ = {
			isa = XCBuildConfiguration;
			buildSettings = {
				ASSETCATALOG_COMPILER_APPICON_NAME = AppIcon;
				ASSETCATALOG_COMPILER_GLOBAL_ACCENT_COLOR_NAME = AccentColor;
				CODE_SIGN_STYLE = Automatic;
				CURRENT_PROJECT_VERSION = 1;
				DEVELOPMENT_ASSET_PATHS = "\"Measure/Preview Content\"";
				DEVELOPMENT_TEAM = Z4SW228TF7;
				ENABLE_PREVIEWS = YES;
				GENERATE_INFOPLIST_FILE = YES;
				INFOPLIST_KEY_NSCameraUsageDescription = "";
				INFOPLIST_KEY_UIApplicationSupportsIndirectInputEvents = YES;
				INFOPLIST_KEY_UILaunchScreen_Generation = YES;
				INFOPLIST_KEY_UIRequiredDeviceCapabilities = arkit;
				INFOPLIST_KEY_UIStatusBarHidden = YES;
				INFOPLIST_KEY_UISupportedInterfaceOrientations_iPad = "UIInterfaceOrientationPortrait UIInterfaceOrientationPortraitUpsideDown UIInterfaceOrientationLandscapeLeft UIInterfaceOrientationLandscapeRight";
				INFOPLIST_KEY_UISupportedInterfaceOrientations_iPhone = "UIInterfaceOrientationPortrait UIInterfaceOrientationLandscapeLeft UIInterfaceOrientationLandscapeRight";
				LD_RUNPATH_SEARCH_PATHS = (
					"$(inherited)",
					"@executable_path/Frameworks",
				);
				MARKETING_VERSION = 1.0;
				PRODUCT_BUNDLE_IDENTIFIER = com.francescaferrini.Measure;
				PRODUCT_NAME = "$(TARGET_NAME)";
				SWIFT_EMIT_LOC_STRINGS = YES;
				SWIFT_VERSION = 5.0;
				TARGETED_DEVICE_FAMILY = "1,2";
			};
			name = Debug;
		};
		27A606B52B04ECC1004E8295 /* Release */ = {
			isa = XCBuildConfiguration;
			buildSettings = {
				ASSETCATALOG_COMPILER_APPICON_NAME = AppIcon;
				ASSETCATALOG_COMPILER_GLOBAL_ACCENT_COLOR_NAME = AccentColor;
				CODE_SIGN_STYLE = Automatic;
				CURRENT_PROJECT_VERSION = 1;
				DEVELOPMENT_ASSET_PATHS = "\"Measure/Preview Content\"";
				DEVELOPMENT_TEAM = Z4SW228TF7;
				ENABLE_PREVIEWS = YES;
				GENERATE_INFOPLIST_FILE = YES;
				INFOPLIST_KEY_NSCameraUsageDescription = "";
				INFOPLIST_KEY_UIApplicationSupportsIndirectInputEvents = YES;
				INFOPLIST_KEY_UILaunchScreen_Generation = YES;
				INFOPLIST_KEY_UIRequiredDeviceCapabilities = arkit;
				INFOPLIST_KEY_UIStatusBarHidden = YES;
				INFOPLIST_KEY_UISupportedInterfaceOrientations_iPad = "UIInterfaceOrientationPortrait UIInterfaceOrientationPortraitUpsideDown UIInterfaceOrientationLandscapeLeft UIInterfaceOrientationLandscapeRight";
				INFOPLIST_KEY_UISupportedInterfaceOrientations_iPhone = "UIInterfaceOrientationPortrait UIInterfaceOrientationLandscapeLeft UIInterfaceOrientationLandscapeRight";
				LD_RUNPATH_SEARCH_PATHS = (
					"$(inherited)",
					"@executable_path/Frameworks",
				);
				MARKETING_VERSION = 1.0;
				PRODUCT_BUNDLE_IDENTIFIER = com.francescaferrini.Measure;
				PRODUCT_NAME = "$(TARGET_NAME)";
				SWIFT_EMIT_LOC_STRINGS = YES;
				SWIFT_VERSION = 5.0;
				TARGETED_DEVICE_FAMILY = "1,2";
			};
			name = Release;
		};
		27A606B72B04ECC1004E8295 /* Debug */ = {
			isa = XCBuildConfiguration;
			buildSettings = {
				ALWAYS_EMBED_SWIFT_STANDARD_LIBRARIES = YES;
				BUNDLE_LOADER = "$(TEST_HOST)";
				CODE_SIGN_STYLE = Automatic;
				CURRENT_PROJECT_VERSION = 1;
				DEVELOPMENT_TEAM = Z4SW228TF7;
				GENERATE_INFOPLIST_FILE = YES;
				IPHONEOS_DEPLOYMENT_TARGET = 17.0;
				MARKETING_VERSION = 1.0;
				PRODUCT_BUNDLE_IDENTIFIER = com.francescaferrini.MeasureTests;
				PRODUCT_NAME = "$(TARGET_NAME)";
				SWIFT_EMIT_LOC_STRINGS = NO;
				SWIFT_VERSION = 5.0;
				TARGETED_DEVICE_FAMILY = "1,2";
				TEST_HOST = "$(BUILT_PRODUCTS_DIR)/Measure.app/$(BUNDLE_EXECUTABLE_FOLDER_PATH)/Measure";
			};
			name = Debug;
		};
		27A606B82B04ECC1004E8295 /* Release */ = {
			isa = XCBuildConfiguration;
			buildSettings = {
				ALWAYS_EMBED_SWIFT_STANDARD_LIBRARIES = YES;
				BUNDLE_LOADER = "$(TEST_HOST)";
				CODE_SIGN_STYLE = Automatic;
				CURRENT_PROJECT_VERSION = 1;
				DEVELOPMENT_TEAM = Z4SW228TF7;
				GENERATE_INFOPLIST_FILE = YES;
				IPHONEOS_DEPLOYMENT_TARGET = 17.0;
				MARKETING_VERSION = 1.0;
				PRODUCT_BUNDLE_IDENTIFIER = com.francescaferrini.MeasureTests;
				PRODUCT_NAME = "$(TARGET_NAME)";
				SWIFT_EMIT_LOC_STRINGS = NO;
				SWIFT_VERSION = 5.0;
				TARGETED_DEVICE_FAMILY = "1,2";
				TEST_HOST = "$(BUILT_PRODUCTS_DIR)/Measure.app/$(BUNDLE_EXECUTABLE_FOLDER_PATH)/Measure";
			};
			name = Release;
		};
		27A606BA2B04ECC1004E8295 /* Debug */ = {
			isa = XCBuildConfiguration;
			buildSettings = {
				ALWAYS_EMBED_SWIFT_STANDARD_LIBRARIES = YES;
				CODE_SIGN_STYLE = Automatic;
				CURRENT_PROJECT_VERSION = 1;
				DEVELOPMENT_TEAM = Z4SW228TF7;
				GENERATE_INFOPLIST_FILE = YES;
				MARKETING_VERSION = 1.0;
				PRODUCT_BUNDLE_IDENTIFIER = com.francescaferrini.MeasureUITests;
				PRODUCT_NAME = "$(TARGET_NAME)";
				SWIFT_EMIT_LOC_STRINGS = NO;
				SWIFT_VERSION = 5.0;
				TARGETED_DEVICE_FAMILY = "1,2";
				TEST_TARGET_NAME = Measure;
			};
			name = Debug;
		};
		27A606BB2B04ECC1004E8295 /* Release */ = {
			isa = XCBuildConfiguration;
			buildSettings = {
				ALWAYS_EMBED_SWIFT_STANDARD_LIBRARIES = YES;
				CODE_SIGN_STYLE = Automatic;
				CURRENT_PROJECT_VERSION = 1;
				DEVELOPMENT_TEAM = Z4SW228TF7;
				GENERATE_INFOPLIST_FILE = YES;
				MARKETING_VERSION = 1.0;
				PRODUCT_BUNDLE_IDENTIFIER = com.francescaferrini.MeasureUITests;
				PRODUCT_NAME = "$(TARGET_NAME)";
				SWIFT_EMIT_LOC_STRINGS = NO;
				SWIFT_VERSION = 5.0;
				TARGETED_DEVICE_FAMILY = "1,2";
				TEST_TARGET_NAME = Measure;
			};
			name = Release;
		};
/* End XCBuildConfiguration section */

/* Begin XCConfigurationList section */
		27A6068A2B04ECC0004E8295 /* Build configuration list for PBXProject "Measure" */ = {
			isa = XCConfigurationList;
			buildConfigurations = (
				27A606B12B04ECC1004E8295 /* Debug */,
				27A606B22B04ECC1004E8295 /* Release */,
			);
			defaultConfigurationIsVisible = 0;
			defaultConfigurationName = Release;
		};
		27A606B32B04ECC1004E8295 /* Build configuration list for PBXNativeTarget "Measure" */ = {
			isa = XCConfigurationList;
			buildConfigurations = (
				27A606B42B04ECC1004E8295 /* Debug */,
				27A606B52B04ECC1004E8295 /* Release */,
			);
			defaultConfigurationIsVisible = 0;
			defaultConfigurationName = Release;
		};
		27A606B62B04ECC1004E8295 /* Build configuration list for PBXNativeTarget "MeasureTests" */ = {
			isa = XCConfigurationList;
			buildConfigurations = (
				27A606B72B04ECC1004E8295 /* Debug */,
				27A606B82B04ECC1004E8295 /* Release */,
			);
			defaultConfigurationIsVisible = 0;
			defaultConfigurationName = Release;
		};
		27A606B92B04ECC1004E8295 /* Build configuration list for PBXNativeTarget "MeasureUITests" */ = {
			isa = XCConfigurationList;
			buildConfigurations = (
				27A606BA2B04ECC1004E8295 /* Debug */,
				27A606BB2B04ECC1004E8295 /* Release */,
			);
			defaultConfigurationIsVisible = 0;
			defaultConfigurationName = Release;
		};
/* End XCConfigurationList section */
	};
	rootObject = 27A606872B04ECC0004E8295 /* Project object */;
}
